
Microsoft Visual Studio Solution File, Format Version 12.00
# Visual Studio 14
VisualStudioVersion = 14.0.25420.1
MinimumVisualStudioVersion = 10.0.40219.1
Project("{2150E333-8FDC-42A3-9474-1A3956D46DE8}") = "src", "src", "{F8F6FB2F-1A57-4FDE-AC3F-29CED48B214B}"
EndProject
Project("{2150E333-8FDC-42A3-9474-1A3956D46DE8}") = "Solution Items", "Solution Items", "{F22E55F7-27EF-4415-86D6-B833A28539F5}"
	ProjectSection(SolutionItems) = preProject
		global.json = global.json
	EndProjectSection
EndProject
Project("{8BB2217D-0F2D-49D1-97BC-3654ED321F3B}") = "List-manager", "src\List-manager\List-manager.xproj", "{BB79E1E1-DC41-4846-B083-681EE85EEB54}"
EndProject
Global
	GlobalSection(SolutionConfigurationPlatforms) = preSolution
		Debug|Any CPU = Debug|Any CPU
		Release|Any CPU = Release|Any CPU
	EndGlobalSection
	GlobalSection(ProjectConfigurationPlatforms) = postSolution
		{BB79E1E1-DC41-4846-B083-681EE85EEB54}.Debug|Any CPU.ActiveCfg = Debug|Any CPU
		{BB79E1E1-DC41-4846-B083-681EE85EEB54}.Debug|Any CPU.Build.0 = Debug|Any CPU
		{BB79E1E1-DC41-4846-B083-681EE85EEB54}.Release|Any CPU.ActiveCfg = Release|Any CPU
		{BB79E1E1-DC41-4846-B083-681EE85EEB54}.Release|Any CPU.Build.0 = Release|Any CPU
	EndGlobalSection
	GlobalSection(SolutionProperties) = preSolution
		HideSolutionNode = FALSE
	EndGlobalSection
	GlobalSection(NestedProjects) = preSolution
		{BB79E1E1-DC41-4846-B083-681EE85EEB54} = {F8F6FB2F-1A57-4FDE-AC3F-29CED48B214B}
	EndGlobalSection
EndGlobal
